// !$*UTF8*$!
{
	archiveVersion = 1;
	classes = {
	};
	objectVersion = 50;
	objects = {

/* Begin PBXBuildFile section */
		B842117B22AFA61D00AA68E0 /* AppDelegate.swift in Sources */ = {isa = PBXBuildFile; fileRef = B842117A22AFA61D00AA68E0 /* AppDelegate.swift */; };
		B842117D22AFA61D00AA68E0 /* ViewController.swift in Sources */ = {isa = PBXBuildFile; fileRef = B842117C22AFA61D00AA68E0 /* ViewController.swift */; };
		B842118022AFA61D00AA68E0 /* Main.storyboard in Resources */ = {isa = PBXBuildFile; fileRef = B842117E22AFA61D00AA68E0 /* Main.storyboard */; };
		B842118222AFA61F00AA68E0 /* Assets.xcassets in Resources */ = {isa = PBXBuildFile; fileRef = B842118122AFA61F00AA68E0 /* Assets.xcassets */; };
		B842118522AFA61F00AA68E0 /* LaunchScreen.storyboard in Resources */ = {isa = PBXBuildFile; fileRef = B842118322AFA61F00AA68E0 /* LaunchScreen.storyboard */; };
		B842119122AFAF5C00AA68E0 /* banter-snaps-1667073-unsplash.jpg in Resources */ = {isa = PBXBuildFile; fileRef = B842119022AFAF5C00AA68E0 /* banter-snaps-1667073-unsplash.jpg */; };
		B842119322AFAF7900AA68E0 /* DemoURLs.swift in Sources */ = {isa = PBXBuildFile; fileRef = B842119222AFAF7900AA68E0 /* DemoURLs.swift */; };
		B8827AC122B219EF00E69617 /* ChooseViewController.swift in Sources */ = {isa = PBXBuildFile; fileRef = B8827AC022B219EF00E69617 /* ChooseViewController.swift */; };
/* End PBXBuildFile section */

/* Begin PBXFileReference section */
		B842117722AFA61D00AA68E0 /* Cassini.app */ = {isa = PBXFileReference; explicitFileType = wrapper.application; includeInIndex = 0; path = Cassini.app; sourceTree = BUILT_PRODUCTS_DIR; };
		B842117A22AFA61D00AA68E0 /* AppDelegate.swift */ = {isa = PBXFileReference; lastKnownFileType = sourcecode.swift; path = AppDelegate.swift; sourceTree = "<group>"; };
		B842117C22AFA61D00AA68E0 /* ViewController.swift */ = {isa = PBXFileReference; lastKnownFileType = sourcecode.swift; path = ViewController.swift; sourceTree = "<group>"; };
		B842117F22AFA61D00AA68E0 /* Base */ = {isa = PBXFileReference; lastKnownFileType = file.storyboard; name = Base; path = Base.lproj/Main.storyboard; sourceTree = "<group>"; };
		B842118122AFA61F00AA68E0 /* Assets.xcassets */ = {isa = PBXFileReference; lastKnownFileType = folder.assetcatalog; path = Assets.xcassets; sourceTree = "<group>"; };
		B842118422AFA61F00AA68E0 /* Base */ = {isa = PBXFileReference; lastKnownFileType = file.storyboard; name = Base; path = Base.lproj/LaunchScreen.storyboard; sourceTree = "<group>"; };
		B842118622AFA61F00AA68E0 /* Info.plist */ = {isa = PBXFileReference; lastKnownFileType = text.plist.xml; path = Info.plist; sourceTree = "<group>"; };
		B842119022AFAF5C00AA68E0 /* banter-snaps-1667073-unsplash.jpg */ = {isa = PBXFileReference; lastKnownFileType = image.jpeg; path = "banter-snaps-1667073-unsplash.jpg"; sourceTree = "<group>"; };
		B842119222AFAF7900AA68E0 /* DemoURLs.swift */ = {isa = PBXFileReference; lastKnownFileType = sourcecode.swift; path = DemoURLs.swift; sourceTree = "<group>"; };
		B8827AC022B219EF00E69617 /* ChooseViewController.swift */ = {isa = PBXFileReference; lastKnownFileType = sourcecode.swift; path = ChooseViewController.swift; sourceTree = "<group>"; };
/* End PBXFileReference section */

/* Begin PBXFrameworksBuildPhase section */
		B842117422AFA61D00AA68E0 /* Frameworks */ = {
			isa = PBXFrameworksBuildPhase;
			buildActionMask = 2147483647;
			files = (
			);
			runOnlyForDeploymentPostprocessing = 0;
		};
/* End PBXFrameworksBuildPhase section */

/* Begin PBXGroup section */
		B842116E22AFA61D00AA68E0 = {
			isa = PBXGroup;
			children = (
				B842117922AFA61D00AA68E0 /* Cassini */,
				B842117822AFA61D00AA68E0 /* Products */,
			);
			sourceTree = "<group>";
		};
		B842117822AFA61D00AA68E0 /* Products */ = {
			isa = PBXGroup;
			children = (
				B842117722AFA61D00AA68E0 /* Cassini.app */,
			);
			name = Products;
			sourceTree = "<group>";
		};
		B842117922AFA61D00AA68E0 /* Cassini */ = {
			isa = PBXGroup;
			children = (
				B842117A22AFA61D00AA68E0 /* AppDelegate.swift */,
				B8827AC022B219EF00E69617 /* ChooseViewController.swift */,
				B842117C22AFA61D00AA68E0 /* ViewController.swift */,
				B842119222AFAF7900AA68E0 /* DemoURLs.swift */,
				B842117E22AFA61D00AA68E0 /* Main.storyboard */,
				B842118122AFA61F00AA68E0 /* Assets.xcassets */,
				B842118322AFA61F00AA68E0 /* LaunchScreen.storyboard */,
				B842118622AFA61F00AA68E0 /* Info.plist */,
				B842119022AFAF5C00AA68E0 /* banter-snaps-1667073-unsplash.jpg */,
			);
			path = Cassini;
			sourceTree = "<group>";
		};
/* End PBXGroup section */

/* Begin PBXNativeTarget section */
		B842117622AFA61D00AA68E0 /* Cassini */ = {
			isa = PBXNativeTarget;
			buildConfigurationList = B842118922AFA61F00AA68E0 /* Build configuration list for PBXNativeTarget "Cassini" */;
			buildPhases = (
				B842117322AFA61D00AA68E0 /* Sources */,
				B842117422AFA61D00AA68E0 /* Frameworks */,
				B842117522AFA61D00AA68E0 /* Resources */,
			);
			buildRules = (
			);
			dependencies = (
			);
			name = Cassini;
			productName = Cassini;
			productReference = B842117722AFA61D00AA68E0 /* Cassini.app */;
			productType = "com.apple.product-type.application";
		};
/* End PBXNativeTarget section */

/* Begin PBXProject section */
		B842116F22AFA61D00AA68E0 /* Project object */ = {
			isa = PBXProject;
			attributes = {
				LastSwiftUpdateCheck = 1020;
				LastUpgradeCheck = 1020;
				ORGANIZATIONNAME = Wiley;
				TargetAttributes = {
					B842117622AFA61D00AA68E0 = {
						CreatedOnToolsVersion = 10.2.1;
					};
				};
			};
			buildConfigurationList = B842117222AFA61D00AA68E0 /* Build configuration list for PBXProject "Cassini" */;
			compatibilityVersion = "Xcode 9.3";
			developmentRegion = en;
			hasScannedForEncodings = 0;
			knownRegions = (
				en,
				Base,
			);
			mainGroup = B842116E22AFA61D00AA68E0;
			productRefGroup = B842117822AFA61D00AA68E0 /* Products */;
			projectDirPath = "";
			projectRoot = "";
			targets = (
				B842117622AFA61D00AA68E0 /* Cassini */,
			);
		};
/* End PBXProject section */

/* Begin PBXResourcesBuildPhase section */
		B842117522AFA61D00AA68E0 /* Resources */ = {
			isa = PBXResourcesBuildPhase;
			buildActionMask = 2147483647;
			files = (
				B842119122AFAF5C00AA68E0 /* banter-snaps-1667073-unsplash.jpg in Resources */,
				B842118522AFA61F00AA68E0 /* LaunchScreen.storyboard in Resources */,
				B842118222AFA61F00AA68E0 /* Assets.xcassets in Resources */,
				B842118022AFA61D00AA68E0 /* Main.storyboard in Resources */,
			);
			runOnlyForDeploymentPostprocessing = 0;
		};
/* End PBXResourcesBuildPhase section */

/* Begin PBXSourcesBuildPhase section */
		B842117322AFA61D00AA68E0 /* Sources */ = {
			isa = PBXSourcesBuildPhase;
			buildActionMask = 2147483647;
			files = (
				B842117D22AFA61D00AA68E0 /* ViewController.swift in Sources */,
				B8827AC122B219EF00E69617 /* ChooseViewController.swift in Sources */,
				B842117B22AFA61D00AA68E0 /* AppDelegate.swift in Sources */,
				B842119322AFAF7900AA68E0 /* DemoURLs.swift in Sources */,
			);
			runOnlyForDeploymentPostprocessing = 0;
		};
/* End PBXSourcesBuildPhase section */

/* Begin PBXVariantGroup section */
		B842117E22AFA61D00AA68E0 /* Main.storyboard */ = {
			isa = PBXVariantGroup;
			children = (
				B842117F22AFA61D00AA68E0 /* Base */,
			);
			name = Main.storyboard;
			sourceTree = "<group>";
		};
		B842118322AFA61F00AA68E0 /* LaunchScreen.storyboard */ = {
			isa = PBXVariantGroup;
			children = (
				B842118422AFA61F00AA68E0 /* Base */,
			);
			name = LaunchScreen.storyboard;
			sourceTree = "<group>";
		};
/* End PBXVariantGroup section */

/* Begin XCBuildConfiguration section */
		B842118722AFA61F00AA68E0 /* Debug */ = {
			isa = XCBuildConfiguration;
			buildSettings = {
				ALWAYS_SEARCH_USER_PATHS = NO;
				CLANG_ANALYZER_NONNULL = YES;
				CLANG_ANALYZER_NUMBER_OBJECT_CONVERSION = YES_AGGRESSIVE;
				CLANG_CXX_LANGUAGE_STANDARD = "gnu++14";
				CLANG_CXX_LIBRARY = "libc++";
				CLANG_ENABLE_MODULES = YES;
				CLANG_ENABLE_OBJC_ARC = YES;
				CLANG_ENABLE_OBJC_WEAK = YES;
				CLANG_WARN_BLOCK_CAPTURE_AUTORELEASING = YES;
				CLANG_WARN_BOOL_CONVERSION = YES;
				CLANG_WARN_COMMA = YES;
				CLANG_WARN_CONSTANT_CONVERSION = YES;
				CLANG_WARN_DEPRECATED_OBJC_IMPLEMENTATIONS = YES;
				CLANG_WARN_DIRECT_OBJC_ISA_USAGE = YES_ERROR;
				CLANG_WARN_DOCUMENTATION_COMMENTS = YES;
				CLANG_WARN_EMPTY_BODY = YES;
				CLANG_WARN_ENUM_CONVERSION = YES;
				CLANG_WARN_INFINITE_RECURSION = YES;
				CLANG_WARN_INT_CONVERSION = YES;
				CLANG_WARN_NON_LITERAL_NULL_CONVERSION = YES;
				CLANG_WARN_OBJC_IMPLICIT_RETAIN_SELF = YES;
				CLANG_WARN_OBJC_LITERAL_CONVERSION = YES;
				CLANG_WARN_OBJC_ROOT_CLASS = YES_ERROR;
				CLANG_WARN_RANGE_LOOP_ANALYSIS = YES;
				CLANG_WARN_STRICT_PROTOTYPES = YES;
				CLANG_WARN_SUSPICIOUS_MOVE = YES;
				CLANG_WARN_UNGUARDED_AVAILABILITY = YES_AGGRESSIVE;
				CLANG_WARN_UNREACHABLE_CODE = YES;
				CLANG_WARN__DUPLICATE_METHOD_MATCH = YES;
				CODE_SIGN_IDENTITY = "iPhone Developer";
				COPY_PHASE_STRIP = NO;
				DEBUG_INFORMATION_FORMAT = dwarf;
				ENABLE_STRICT_OBJC_MSGSEND = YES;
				ENABLE_TESTABILITY = YES;
				GCC_C_LANGUAGE_STANDARD = gnu11;
				GCC_DYNAMIC_NO_PIC = NO;
				GCC_NO_COMMON_BLOCKS = YES;
				GCC_OPTIMIZATION_LEVEL = 0;
				GCC_PREPROCESSOR_DEFINITIONS = (
					"DEBUG=1",
					"$(inherited)",
				);
				GCC_WARN_64_TO_32_BIT_CONVERSION = YES;
				GCC_WARN_ABOUT_RETURN_TYPE = YES_ERROR;
				GCC_WARN_UNDECLARED_SELECTOR = YES;
				GCC_WARN_UNINITIALIZED_AUTOS = YES_AGGRESSIVE;
				GCC_WARN_UNUSED_FUNCTION = YES;
				GCC_WARN_UNUSED_VARIABLE = YES;
				IPHONEOS_DEPLOYMENT_TARGET = 12.2;
				MTL_ENABLE_DEBUG_INFO = INCLUDE_SOURCE;
				MTL_FAST_MATH = YES;
				ONLY_ACTIVE_ARCH = YES;
				SDKROOT = iphoneos;
				SWIFT_ACTIVE_COMPILATION_CONDITIONS = DEBUG;
				SWIFT_OPTIMIZATION_LEVEL = "-Onone";
			};
			name = Debug;
		};
		B842118822AFA61F00AA68E0 /* Release */ = {
			isa = XCBuildConfiguration;
			buildSettings = {
				ALWAYS_SEARCH_USER_PATHS = NO;
				CLANG_ANALYZER_NONNULL = YES;
				CLANG_ANALYZER_NUMBER_OBJECT_CONVERSION = YES_AGGRESSIVE;
				CLANG_CXX_LANGUAGE_STANDARD = "gnu++14";
				CLANG_CXX_LIBRARY = "libc++";
				CLANG_ENABLE_MODULES = YES;
				CLANG_ENABLE_OBJC_ARC = YES;
				CLANG_ENABLE_OBJC_WEAK = YES;
				CLANG_WARN_BLOCK_CAPTURE_AUTORELEASING = YES;
				CLANG_WARN_BOOL_CONVERSION = YES;
				CLANG_WARN_COMMA = YES;
				CLANG_WARN_CONSTANT_CONVERSION = YES;
				CLANG_WARN_DEPRECATED_OBJC_IMPLEMENTATIONS = YES;
				CLANG_WARN_DIRECT_OBJC_ISA_USAGE = YES_ERROR;
				CLANG_WARN_DOCUMENTATION_COMMENTS = YES;
				CLANG_WARN_EMPTY_BODY = YES;
				CLANG_WARN_ENUM_CONVERSION = YES;
				CLANG_WARN_INFINITE_RECURSION = YES;
				CLANG_WARN_INT_CONVERSION = YES;
				CLANG_WARN_NON_LITERAL_NULL_CONVERSION = YES;
				CLANG_WARN_OBJC_IMPLICIT_RETAIN_SELF = YES;
				CLANG_WARN_OBJC_LITERAL_CONVERSION = YES;
				CLANG_WARN_OBJC_ROOT_CLASS = YES_ERROR;
				CLANG_WARN_RANGE_LOOP_ANALYSIS = YES;
				CLANG_WARN_STRICT_PROTOTYPES = YES;
				CLANG_WARN_SUSPICIOUS_MOVE = YES;
				CLANG_WARN_UNGUARDED_AVAILABILITY = YES_AGGRESSIVE;
				CLANG_WARN_UNREACHABLE_CODE = YES;
				CLANG_WARN__DUPLICATE_METHOD_MATCH = YES;
				CODE_SIGN_IDENTITY = "iPhone Developer";
				COPY_PHASE_STRIP = NO;
				DEBUG_INFORMATION_FORMAT = "dwarf-with-dsym";
				ENABLE_NS_ASSERTIONS = NO;
				ENABLE_STRICT_OBJC_MSGSEND = YES;
				GCC_C_LANGUAGE_STANDARD = gnu11;
				GCC_NO_COMMON_BLOCKS = YES;
				GCC_WARN_64_TO_32_BIT_CONVERSION = YES;
				GCC_WARN_ABOUT_RETURN_TYPE = YES_ERROR;
				GCC_WARN_UNDECLARED_SELECTOR = YES;
				GCC_WARN_UNINITIALIZED_AUTOS = YES_AGGRESSIVE;
				GCC_WARN_UNUSED_FUNCTION = YES;
				GCC_WARN_UNUSED_VARIABLE = YES;
				IPHONEOS_DEPLOYMENT_TARGET = 12.2;
				MTL_ENABLE_DEBUG_INFO = NO;
				MTL_FAST_MATH = YES;
				SDKROOT = iphoneos;
				SWIFT_COMPILATION_MODE = wholemodule;
				SWIFT_OPTIMIZATION_LEVEL = "-O";
				VALIDATE_PRODUCT = YES;
			};
			name = Release;
		};
		B842118A22AFA61F00AA68E0 /* Debug */ = {
			isa = XCBuildConfiguration;
			buildSettings = {
				ASSETCATALOG_COMPILER_APPICON_NAME = AppIcon;
				CODE_SIGN_STYLE = Automatic;
				DEVELOPMENT_TEAM = MUXR6G7733;
				INFOPLIST_FILE = Cassini/Info.plist;
				LD_RUNPATH_SEARCH_PATHS = (
					"$(inherited)",
					"@executable_path/Frameworks",
				);
				PRODUCT_BUNDLE_IDENTIFIER = com.skybrim.Cassini;
				PRODUCT_NAME = "$(TARGET_NAME)";
				SWIFT_VERSION = 5.0;
				TARGETED_DEVICE_FAMILY = "1,2";
			};
			name = Debug;
		};
		B842118B22AFA61F00AA68E0 /* Release */ = {
			isa = XCBuildConfiguration;
			buildSettings = {
				ASSETCATALOG_COMPILER_APPICON_NAME = AppIcon;
				CODE_SIGN_STYLE = Automatic;
				DEVELOPMENT_TEAM = MUXR6G7733;
				INFOPLIST_FILE = Cassini/Info.plist;
				LD_RUNPATH_SEARCH_PATHS = (
					"$(inherited)",
					"@executable_path/Frameworks",
				);
				PRODUCT_BUNDLE_IDENTIFIER = com.skybrim.Cassini;
				PRODUCT_NAME = "$(TARGET_NAME)";
				SWIFT_VERSION = 5.0;
				TARGETED_DEVICE_FAMILY = "1,2";
			};
			name = Release;
		};
/* End XCBuildConfiguration section */

/* Begin XCConfigurationList section */
		B842117222AFA61D00AA68E0 /* Build configuration list for PBXProject "Cassini" */ = {
			isa = XCConfigurationList;
			buildConfigurations = (
				B842118722AFA61F00AA68E0 /* Debug */,
				B842118822AFA61F00AA68E0 /* Release */,
			);
			defaultConfigurationIsVisible = 0;
			defaultConfigurationName = Release;
		};
		B842118922AFA61F00AA68E0 /* Build configuration list for PBXNativeTarget "Cassini" */ = {
			isa = XCConfigurationList;
			buildConfigurations = (
				B842118A22AFA61F00AA68E0 /* Debug */,
				B842118B22AFA61F00AA68E0 /* Release */,
			);
			defaultConfigurationIsVisible = 0;
			defaultConfigurationName = Release;
		};
/* End XCConfigurationList section */
	};
	rootObject = B842116F22AFA61D00AA68E0 /* Project object */;
}
