// !$*UTF8*$!
{
	archiveVersion = 1;
	classes = {
	};
	objectVersion = 50;
	objects = {

/* Begin PBXBuildFile section */
		B805930B2294F4F300A37FF7 /* FirstTableViewController.swift in Sources */ = {isa = PBXBuildFile; fileRef = B805930A2294F4F300A37FF7 /* FirstTableViewController.swift */; };
		B808110322923F430099DA3D /* AppDelegate.swift in Sources */ = {isa = PBXBuildFile; fileRef = B808110222923F430099DA3D /* AppDelegate.swift */; };
		B808110522923F430099DA3D /* ViewController.swift in Sources */ = {isa = PBXBuildFile; fileRef = B808110422923F430099DA3D /* ViewController.swift */; };
		B808110822923F430099DA3D /* Main.storyboard in Resources */ = {isa = PBXBuildFile; fileRef = B808110622923F430099DA3D /* Main.storyboard */; };
		B808110B22923F430099DA3D /* Practice.xcdatamodeld in Sources */ = {isa = PBXBuildFile; fileRef = B808110922923F430099DA3D /* Practice.xcdatamodeld */; };
		B808110D22923F450099DA3D /* Assets.xcassets in Resources */ = {isa = PBXBuildFile; fileRef = B808110C22923F450099DA3D /* Assets.xcassets */; };
		B808111022923F450099DA3D /* LaunchScreen.storyboard in Resources */ = {isa = PBXBuildFile; fileRef = B808110E22923F450099DA3D /* LaunchScreen.storyboard */; };
		B808111B22923F450099DA3D /* PracticeTests.swift in Sources */ = {isa = PBXBuildFile; fileRef = B808111A22923F450099DA3D /* PracticeTests.swift */; };
		B808112622923F450099DA3D /* PracticeUITests.swift in Sources */ = {isa = PBXBuildFile; fileRef = B808112522923F450099DA3D /* PracticeUITests.swift */; };
		B80811352292A2A60099DA3D /* second.storyboard in Resources */ = {isa = PBXBuildFile; fileRef = B80811332292A2A60099DA3D /* second.storyboard */; };
/* End PBXBuildFile section */

/* Begin PBXContainerItemProxy section */
		B808111722923F450099DA3D /* PBXContainerItemProxy */ = {
			isa = PBXContainerItemProxy;
			containerPortal = B80810F722923F430099DA3D /* Project object */;
			proxyType = 1;
			remoteGlobalIDString = B80810FE22923F430099DA3D;
			remoteInfo = Practice;
		};
		B808112222923F450099DA3D /* PBXContainerItemProxy */ = {
			isa = PBXContainerItemProxy;
			containerPortal = B80810F722923F430099DA3D /* Project object */;
			proxyType = 1;
			remoteGlobalIDString = B80810FE22923F430099DA3D;
			remoteInfo = Practice;
		};
/* End PBXContainerItemProxy section */

/* Begin PBXFileReference section */
		B805930A2294F4F300A37FF7 /* FirstTableViewController.swift */ = {isa = PBXFileReference; lastKnownFileType = sourcecode.swift; path = FirstTableViewController.swift; sourceTree = "<group>"; };
		B80810FF22923F430099DA3D /* Practice.app */ = {isa = PBXFileReference; explicitFileType = wrapper.application; includeInIndex = 0; path = Practice.app; sourceTree = BUILT_PRODUCTS_DIR; };
		B808110222923F430099DA3D /* AppDelegate.swift */ = {isa = PBXFileReference; lastKnownFileType = sourcecode.swift; path = AppDelegate.swift; sourceTree = "<group>"; };
		B808110422923F430099DA3D /* ViewController.swift */ = {isa = PBXFileReference; lastKnownFileType = sourcecode.swift; path = ViewController.swift; sourceTree = "<group>"; };
		B808110722923F430099DA3D /* Base */ = {isa = PBXFileReference; lastKnownFileType = file.storyboard; name = Base; path = Base.lproj/Main.storyboard; sourceTree = "<group>"; };
		B808110A22923F430099DA3D /* Practice.xcdatamodel */ = {isa = PBXFileReference; lastKnownFileType = wrapper.xcdatamodel; path = Practice.xcdatamodel; sourceTree = "<group>"; };
		B808110C22923F450099DA3D /* Assets.xcassets */ = {isa = PBXFileReference; lastKnownFileType = folder.assetcatalog; path = Assets.xcassets; sourceTree = "<group>"; };
		B808110F22923F450099DA3D /* Base */ = {isa = PBXFileReference; lastKnownFileType = file.storyboard; name = Base; path = Base.lproj/LaunchScreen.storyboard; sourceTree = "<group>"; };
		B808111122923F450099DA3D /* Info.plist */ = {isa = PBXFileReference; lastKnownFileType = text.plist.xml; path = Info.plist; sourceTree = "<group>"; };
		B808111622923F450099DA3D /* PracticeTests.xctest */ = {isa = PBXFileReference; explicitFileType = wrapper.cfbundle; includeInIndex = 0; path = PracticeTests.xctest; sourceTree = BUILT_PRODUCTS_DIR; };
		B808111A22923F450099DA3D /* PracticeTests.swift */ = {isa = PBXFileReference; lastKnownFileType = sourcecode.swift; path = PracticeTests.swift; sourceTree = "<group>"; };
		B808111C22923F450099DA3D /* Info.plist */ = {isa = PBXFileReference; lastKnownFileType = text.plist.xml; path = Info.plist; sourceTree = "<group>"; };
		B808112122923F450099DA3D /* PracticeUITests.xctest */ = {isa = PBXFileReference; explicitFileType = wrapper.cfbundle; includeInIndex = 0; path = PracticeUITests.xctest; sourceTree = BUILT_PRODUCTS_DIR; };
		B808112522923F450099DA3D /* PracticeUITests.swift */ = {isa = PBXFileReference; lastKnownFileType = sourcecode.swift; path = PracticeUITests.swift; sourceTree = "<group>"; };
		B808112722923F450099DA3D /* Info.plist */ = {isa = PBXFileReference; lastKnownFileType = text.plist.xml; path = Info.plist; sourceTree = "<group>"; };
		B80811342292A2A60099DA3D /* Base */ = {isa = PBXFileReference; lastKnownFileType = file.storyboard; name = Base; path = Base.lproj/second.storyboard; sourceTree = "<group>"; };
/* End PBXFileReference section */

/* Begin PBXFrameworksBuildPhase section */
		B80810FC22923F430099DA3D /* Frameworks */ = {
			isa = PBXFrameworksBuildPhase;
			buildActionMask = 2147483647;
			files = (
			);
			runOnlyForDeploymentPostprocessing = 0;
		};
		B808111322923F450099DA3D /* Frameworks */ = {
			isa = PBXFrameworksBuildPhase;
			buildActionMask = 2147483647;
			files = (
			);
			runOnlyForDeploymentPostprocessing = 0;
		};
		B808111E22923F450099DA3D /* Frameworks */ = {
			isa = PBXFrameworksBuildPhase;
			buildActionMask = 2147483647;
			files = (
			);
			runOnlyForDeploymentPostprocessing = 0;
		};
/* End PBXFrameworksBuildPhase section */

/* Begin PBXGroup section */
		B80810F622923F430099DA3D = {
			isa = PBXGroup;
			children = (
				B808110122923F430099DA3D /* Practice */,
				B808111922923F450099DA3D /* PracticeTests */,
				B808112422923F450099DA3D /* PracticeUITests */,
				B808110022923F430099DA3D /* Products */,
			);
			sourceTree = "<group>";
		};
		B808110022923F430099DA3D /* Products */ = {
			isa = PBXGroup;
			children = (
				B80810FF22923F430099DA3D /* Practice.app */,
				B808111622923F450099DA3D /* PracticeTests.xctest */,
				B808112122923F450099DA3D /* PracticeUITests.xctest */,
			);
			name = Products;
			sourceTree = "<group>";
		};
		B808110122923F430099DA3D /* Practice */ = {
			isa = PBXGroup;
			children = (
				B808110222923F430099DA3D /* AppDelegate.swift */,
				B808110422923F430099DA3D /* ViewController.swift */,
				B805930A2294F4F300A37FF7 /* FirstTableViewController.swift */,
				B808110622923F430099DA3D /* Main.storyboard */,
				B80811332292A2A60099DA3D /* second.storyboard */,
				B808110C22923F450099DA3D /* Assets.xcassets */,
				B808110E22923F450099DA3D /* LaunchScreen.storyboard */,
				B808111122923F450099DA3D /* Info.plist */,
				B808110922923F430099DA3D /* Practice.xcdatamodeld */,
			);
			path = Practice;
			sourceTree = "<group>";
		};
		B808111922923F450099DA3D /* PracticeTests */ = {
			isa = PBXGroup;
			children = (
				B808111A22923F450099DA3D /* PracticeTests.swift */,
				B808111C22923F450099DA3D /* Info.plist */,
			);
			path = PracticeTests;
			sourceTree = "<group>";
		};
		B808112422923F450099DA3D /* PracticeUITests */ = {
			isa = PBXGroup;
			children = (
				B808112522923F450099DA3D /* PracticeUITests.swift */,
				B808112722923F450099DA3D /* Info.plist */,
			);
			path = PracticeUITests;
			sourceTree = "<group>";
		};
/* End PBXGroup section */

/* Begin PBXNativeTarget section */
		B80810FE22923F430099DA3D /* Practice */ = {
			isa = PBXNativeTarget;
			buildConfigurationList = B808112A22923F450099DA3D /* Build configuration list for PBXNativeTarget "Practice" */;
			buildPhases = (
				B80810FB22923F430099DA3D /* Sources */,
				B80810FC22923F430099DA3D /* Frameworks */,
				B80810FD22923F430099DA3D /* Resources */,
			);
			buildRules = (
			);
			dependencies = (
			);
			name = Practice;
			productName = Practice;
			productReference = B80810FF22923F430099DA3D /* Practice.app */;
			productType = "com.apple.product-type.application";
		};
		B808111522923F450099DA3D /* PracticeTests */ = {
			isa = PBXNativeTarget;
			buildConfigurationList = B808112D22923F450099DA3D /* Build configuration list for PBXNativeTarget "PracticeTests" */;
			buildPhases = (
				B808111222923F450099DA3D /* Sources */,
				B808111322923F450099DA3D /* Frameworks */,
				B808111422923F450099DA3D /* Resources */,
			);
			buildRules = (
			);
			dependencies = (
				B808111822923F450099DA3D /* PBXTargetDependency */,
			);
			name = PracticeTests;
			productName = PracticeTests;
			productReference = B808111622923F450099DA3D /* PracticeTests.xctest */;
			productType = "com.apple.product-type.bundle.unit-test";
		};
		B808112022923F450099DA3D /* PracticeUITests */ = {
			isa = PBXNativeTarget;
			buildConfigurationList = B808113022923F450099DA3D /* Build configuration list for PBXNativeTarget "PracticeUITests" */;
			buildPhases = (
				B808111D22923F450099DA3D /* Sources */,
				B808111E22923F450099DA3D /* Frameworks */,
				B808111F22923F450099DA3D /* Resources */,
			);
			buildRules = (
			);
			dependencies = (
				B808112322923F450099DA3D /* PBXTargetDependency */,
			);
			name = PracticeUITests;
			productName = PracticeUITests;
			productReference = B808112122923F450099DA3D /* PracticeUITests.xctest */;
			productType = "com.apple.product-type.bundle.ui-testing";
		};
/* End PBXNativeTarget section */

/* Begin PBXProject section */
		B80810F722923F430099DA3D /* Project object */ = {
			isa = PBXProject;
			attributes = {
				LastSwiftUpdateCheck = 1020;
				LastUpgradeCheck = 1020;
				ORGANIZATIONNAME = Wiley;
				TargetAttributes = {
					B80810FE22923F430099DA3D = {
						CreatedOnToolsVersion = 10.2.1;
					};
					B808111522923F450099DA3D = {
						CreatedOnToolsVersion = 10.2.1;
						TestTargetID = B80810FE22923F430099DA3D;
					};
					B808112022923F450099DA3D = {
						CreatedOnToolsVersion = 10.2.1;
						TestTargetID = B80810FE22923F430099DA3D;
					};
				};
			};
			buildConfigurationList = B80810FA22923F430099DA3D /* Build configuration list for PBXProject "Practice" */;
			compatibilityVersion = "Xcode 9.3";
			developmentRegion = en;
			hasScannedForEncodings = 0;
			knownRegions = (
				en,
				Base,
			);
			mainGroup = B80810F622923F430099DA3D;
			productRefGroup = B808110022923F430099DA3D /* Products */;
			projectDirPath = "";
			projectRoot = "";
			targets = (
				B80810FE22923F430099DA3D /* Practice */,
				B808111522923F450099DA3D /* PracticeTests */,
				B808112022923F450099DA3D /* PracticeUITests */,
			);
		};
/* End PBXProject section */

/* Begin PBXResourcesBuildPhase section */
		B80810FD22923F430099DA3D /* Resources */ = {
			isa = PBXResourcesBuildPhase;
			buildActionMask = 2147483647;
			files = (
				B80811352292A2A60099DA3D /* second.storyboard in Resources */,
				B808111022923F450099DA3D /* LaunchScreen.storyboard in Resources */,
				B808110D22923F450099DA3D /* Assets.xcassets in Resources */,
				B808110822923F430099DA3D /* Main.storyboard in Resources */,
			);
			runOnlyForDeploymentPostprocessing = 0;
		};
		B808111422923F450099DA3D /* Resources */ = {
			isa = PBXResourcesBuildPhase;
			buildActionMask = 2147483647;
			files = (
			);
			runOnlyForDeploymentPostprocessing = 0;
		};
		B808111F22923F450099DA3D /* Resources */ = {
			isa = PBXResourcesBuildPhase;
			buildActionMask = 2147483647;
			files = (
			);
			runOnlyForDeploymentPostprocessing = 0;
		};
/* End PBXResourcesBuildPhase section */

/* Begin PBXSourcesBuildPhase section */
		B80810FB22923F430099DA3D /* Sources */ = {
			isa = PBXSourcesBuildPhase;
			buildActionMask = 2147483647;
			files = (
				B805930B2294F4F300A37FF7 /* FirstTableViewController.swift in Sources */,
				B808110522923F430099DA3D /* ViewController.swift in Sources */,
				B808110322923F430099DA3D /* AppDelegate.swift in Sources */,
				B808110B22923F430099DA3D /* Practice.xcdatamodeld in Sources */,
			);
			runOnlyForDeploymentPostprocessing = 0;
		};
		B808111222923F450099DA3D /* Sources */ = {
			isa = PBXSourcesBuildPhase;
			buildActionMask = 2147483647;
			files = (
				B808111B22923F450099DA3D /* PracticeTests.swift in Sources */,
			);
			runOnlyForDeploymentPostprocessing = 0;
		};
		B808111D22923F450099DA3D /* Sources */ = {
			isa = PBXSourcesBuildPhase;
			buildActionMask = 2147483647;
			files = (
				B808112622923F450099DA3D /* PracticeUITests.swift in Sources */,
			);
			runOnlyForDeploymentPostprocessing = 0;
		};
/* End PBXSourcesBuildPhase section */

/* Begin PBXTargetDependency section */
		B808111822923F450099DA3D /* PBXTargetDependency */ = {
			isa = PBXTargetDependency;
			target = B80810FE22923F430099DA3D /* Practice */;
			targetProxy = B808111722923F450099DA3D /* PBXContainerItemProxy */;
		};
		B808112322923F450099DA3D /* PBXTargetDependency */ = {
			isa = PBXTargetDependency;
			target = B80810FE22923F430099DA3D /* Practice */;
			targetProxy = B808112222923F450099DA3D /* PBXContainerItemProxy */;
		};
/* End PBXTargetDependency section */

/* Begin PBXVariantGroup section */
		B808110622923F430099DA3D /* Main.storyboard */ = {
			isa = PBXVariantGroup;
			children = (
				B808110722923F430099DA3D /* Base */,
			);
			name = Main.storyboard;
			sourceTree = "<group>";
		};
		B808110E22923F450099DA3D /* LaunchScreen.storyboard */ = {
			isa = PBXVariantGroup;
			children = (
				B808110F22923F450099DA3D /* Base */,
			);
			name = LaunchScreen.storyboard;
			sourceTree = "<group>";
		};
		B80811332292A2A60099DA3D /* second.storyboard */ = {
			isa = PBXVariantGroup;
			children = (
				B80811342292A2A60099DA3D /* Base */,
			);
			name = second.storyboard;
			sourceTree = "<group>";
		};
/* End PBXVariantGroup section */

/* Begin XCBuildConfiguration section */
		B808112822923F450099DA3D /* Debug */ = {
			isa = XCBuildConfiguration;
			buildSettings = {
				ALWAYS_SEARCH_USER_PATHS = NO;
				CLANG_ANALYZER_NONNULL = YES;
				CLANG_ANALYZER_NUMBER_OBJECT_CONVERSION = YES_AGGRESSIVE;
				CLANG_CXX_LANGUAGE_STANDARD = "gnu++14";
				CLANG_CXX_LIBRARY = "libc++";
				CLANG_ENABLE_MODULES = YES;
				CLANG_ENABLE_OBJC_ARC = YES;
				CLANG_ENABLE_OBJC_WEAK = YES;
				CLANG_WARN_BLOCK_CAPTURE_AUTORELEASING = YES;
				CLANG_WARN_BOOL_CONVERSION = YES;
				CLANG_WARN_COMMA = YES;
				CLANG_WARN_CONSTANT_CONVERSION = YES;
				CLANG_WARN_DEPRECATED_OBJC_IMPLEMENTATIONS = YES;
				CLANG_WARN_DIRECT_OBJC_ISA_USAGE = YES_ERROR;
				CLANG_WARN_DOCUMENTATION_COMMENTS = YES;
				CLANG_WARN_EMPTY_BODY = YES;
				CLANG_WARN_ENUM_CONVERSION = YES;
				CLANG_WARN_INFINITE_RECURSION = YES;
				CLANG_WARN_INT_CONVERSION = YES;
				CLANG_WARN_NON_LITERAL_NULL_CONVERSION = YES;
				CLANG_WARN_OBJC_IMPLICIT_RETAIN_SELF = YES;
				CLANG_WARN_OBJC_LITERAL_CONVERSION = YES;
				CLANG_WARN_OBJC_ROOT_CLASS = YES_ERROR;
				CLANG_WARN_RANGE_LOOP_ANALYSIS = YES;
				CLANG_WARN_STRICT_PROTOTYPES = YES;
				CLANG_WARN_SUSPICIOUS_MOVE = YES;
				CLANG_WARN_UNGUARDED_AVAILABILITY = YES_AGGRESSIVE;
				CLANG_WARN_UNREACHABLE_CODE = YES;
				CLANG_WARN__DUPLICATE_METHOD_MATCH = YES;
				CODE_SIGN_IDENTITY = "iPhone Developer";
				COPY_PHASE_STRIP = NO;
				DEBUG_INFORMATION_FORMAT = dwarf;
				ENABLE_STRICT_OBJC_MSGSEND = YES;
				ENABLE_TESTABILITY = YES;
				GCC_C_LANGUAGE_STANDARD = gnu11;
				GCC_DYNAMIC_NO_PIC = NO;
				GCC_NO_COMMON_BLOCKS = YES;
				GCC_OPTIMIZATION_LEVEL = 0;
				GCC_PREPROCESSOR_DEFINITIONS = (
					"DEBUG=1",
					"$(inherited)",
				);
				GCC_WARN_64_TO_32_BIT_CONVERSION = YES;
				GCC_WARN_ABOUT_RETURN_TYPE = YES_ERROR;
				GCC_WARN_UNDECLARED_SELECTOR = YES;
				GCC_WARN_UNINITIALIZED_AUTOS = YES_AGGRESSIVE;
				GCC_WARN_UNUSED_FUNCTION = YES;
				GCC_WARN_UNUSED_VARIABLE = YES;
				IPHONEOS_DEPLOYMENT_TARGET = 12.2;
				MTL_ENABLE_DEBUG_INFO = INCLUDE_SOURCE;
				MTL_FAST_MATH = YES;
				ONLY_ACTIVE_ARCH = YES;
				SDKROOT = iphoneos;
				SWIFT_ACTIVE_COMPILATION_CONDITIONS = DEBUG;
				SWIFT_OPTIMIZATION_LEVEL = "-Onone";
			};
			name = Debug;
		};
		B808112922923F450099DA3D /* Release */ = {
			isa = XCBuildConfiguration;
			buildSettings = {
				ALWAYS_SEARCH_USER_PATHS = NO;
				CLANG_ANALYZER_NONNULL = YES;
				CLANG_ANALYZER_NUMBER_OBJECT_CONVERSION = YES_AGGRESSIVE;
				CLANG_CXX_LANGUAGE_STANDARD = "gnu++14";
				CLANG_CXX_LIBRARY = "libc++";
				CLANG_ENABLE_MODULES = YES;
				CLANG_ENABLE_OBJC_ARC = YES;
				CLANG_ENABLE_OBJC_WEAK = YES;
				CLANG_WARN_BLOCK_CAPTURE_AUTORELEASING = YES;
				CLANG_WARN_BOOL_CONVERSION = YES;
				CLANG_WARN_COMMA = YES;
				CLANG_WARN_CONSTANT_CONVERSION = YES;
				CLANG_WARN_DEPRECATED_OBJC_IMPLEMENTATIONS = YES;
				CLANG_WARN_DIRECT_OBJC_ISA_USAGE = YES_ERROR;
				CLANG_WARN_DOCUMENTATION_COMMENTS = YES;
				CLANG_WARN_EMPTY_BODY = YES;
				CLANG_WARN_ENUM_CONVERSION = YES;
				CLANG_WARN_INFINITE_RECURSION = YES;
				CLANG_WARN_INT_CONVERSION = YES;
				CLANG_WARN_NON_LITERAL_NULL_CONVERSION = YES;
				CLANG_WARN_OBJC_IMPLICIT_RETAIN_SELF = YES;
				CLANG_WARN_OBJC_LITERAL_CONVERSION = YES;
				CLANG_WARN_OBJC_ROOT_CLASS = YES_ERROR;
				CLANG_WARN_RANGE_LOOP_ANALYSIS = YES;
				CLANG_WARN_STRICT_PROTOTYPES = YES;
				CLANG_WARN_SUSPICIOUS_MOVE = YES;
				CLANG_WARN_UNGUARDED_AVAILABILITY = YES_AGGRESSIVE;
				CLANG_WARN_UNREACHABLE_CODE = YES;
				CLANG_WARN__DUPLICATE_METHOD_MATCH = YES;
				CODE_SIGN_IDENTITY = "iPhone Developer";
				COPY_PHASE_STRIP = NO;
				DEBUG_INFORMATION_FORMAT = "dwarf-with-dsym";
				ENABLE_NS_ASSERTIONS = NO;
				ENABLE_STRICT_OBJC_MSGSEND = YES;
				GCC_C_LANGUAGE_STANDARD = gnu11;
				GCC_NO_COMMON_BLOCKS = YES;
				GCC_WARN_64_TO_32_BIT_CONVERSION = YES;
				GCC_WARN_ABOUT_RETURN_TYPE = YES_ERROR;
				GCC_WARN_UNDECLARED_SELECTOR = YES;
				GCC_WARN_UNINITIALIZED_AUTOS = YES_AGGRESSIVE;
				GCC_WARN_UNUSED_FUNCTION = YES;
				GCC_WARN_UNUSED_VARIABLE = YES;
				IPHONEOS_DEPLOYMENT_TARGET = 12.2;
				MTL_ENABLE_DEBUG_INFO = NO;
				MTL_FAST_MATH = YES;
				SDKROOT = iphoneos;
				SWIFT_COMPILATION_MODE = wholemodule;
				SWIFT_OPTIMIZATION_LEVEL = "-O";
				VALIDATE_PRODUCT = YES;
			};
			name = Release;
		};
		B808112B22923F450099DA3D /* Debug */ = {
			isa = XCBuildConfiguration;
			buildSettings = {
				ASSETCATALOG_COMPILER_APPICON_NAME = AppIcon;
				CODE_SIGN_STYLE = Automatic;
				DEVELOPMENT_TEAM = MUXR6G7733;
				INFOPLIST_FILE = Practice/Info.plist;
				LD_RUNPATH_SEARCH_PATHS = (
					"$(inherited)",
					"@executable_path/Frameworks",
				);
				PRODUCT_BUNDLE_IDENTIFIER = com.skybrim.Practice;
				PRODUCT_NAME = "$(TARGET_NAME)";
				SWIFT_VERSION = 5.0;
				TARGETED_DEVICE_FAMILY = "1,2";
			};
			name = Debug;
		};
		B808112C22923F450099DA3D /* Release */ = {
			isa = XCBuildConfiguration;
			buildSettings = {
				ASSETCATALOG_COMPILER_APPICON_NAME = AppIcon;
				CODE_SIGN_STYLE = Automatic;
				DEVELOPMENT_TEAM = MUXR6G7733;
				INFOPLIST_FILE = Practice/Info.plist;
				LD_RUNPATH_SEARCH_PATHS = (
					"$(inherited)",
					"@executable_path/Frameworks",
				);
				PRODUCT_BUNDLE_IDENTIFIER = com.skybrim.Practice;
				PRODUCT_NAME = "$(TARGET_NAME)";
				SWIFT_VERSION = 5.0;
				TARGETED_DEVICE_FAMILY = "1,2";
			};
			name = Release;
		};
		B808112E22923F450099DA3D /* Debug */ = {
			isa = XCBuildConfiguration;
			buildSettings = {
				ALWAYS_EMBED_SWIFT_STANDARD_LIBRARIES = YES;
				BUNDLE_LOADER = "$(TEST_HOST)";
				CODE_SIGN_STYLE = Automatic;
				DEVELOPMENT_TEAM = MUXR6G7733;
				INFOPLIST_FILE = PracticeTests/Info.plist;
				LD_RUNPATH_SEARCH_PATHS = (
					"$(inherited)",
					"@executable_path/Frameworks",
					"@loader_path/Frameworks",
				);
				PRODUCT_BUNDLE_IDENTIFIER = com.skybrim.PracticeTests;
				PRODUCT_NAME = "$(TARGET_NAME)";
				SWIFT_VERSION = 5.0;
				TARGETED_DEVICE_FAMILY = "1,2";
				TEST_HOST = "$(BUILT_PRODUCTS_DIR)/Practice.app/Practice";
			};
			name = Debug;
		};
		B808112F22923F450099DA3D /* Release */ = {
			isa = XCBuildConfiguration;
			buildSettings = {
				ALWAYS_EMBED_SWIFT_STANDARD_LIBRARIES = YES;
				BUNDLE_LOADER = "$(TEST_HOST)";
				CODE_SIGN_STYLE = Automatic;
				DEVELOPMENT_TEAM = MUXR6G7733;
				INFOPLIST_FILE = PracticeTests/Info.plist;
				LD_RUNPATH_SEARCH_PATHS = (
					"$(inherited)",
					"@executable_path/Frameworks",
					"@loader_path/Frameworks",
				);
				PRODUCT_BUNDLE_IDENTIFIER = com.skybrim.PracticeTests;
				PRODUCT_NAME = "$(TARGET_NAME)";
				SWIFT_VERSION = 5.0;
				TARGETED_DEVICE_FAMILY = "1,2";
				TEST_HOST = "$(BUILT_PRODUCTS_DIR)/Practice.app/Practice";
			};
			name = Release;
		};
		B808113122923F450099DA3D /* Debug */ = {
			isa = XCBuildConfiguration;
			buildSettings = {
				ALWAYS_EMBED_SWIFT_STANDARD_LIBRARIES = YES;
				CODE_SIGN_STYLE = Automatic;
				DEVELOPMENT_TEAM = MUXR6G7733;
				INFOPLIST_FILE = PracticeUITests/Info.plist;
				LD_RUNPATH_SEARCH_PATHS = (
					"$(inherited)",
					"@executable_path/Frameworks",
					"@loader_path/Frameworks",
				);
				PRODUCT_BUNDLE_IDENTIFIER = com.skybrim.PracticeUITests;
				PRODUCT_NAME = "$(TARGET_NAME)";
				SWIFT_VERSION = 5.0;
				TARGETED_DEVICE_FAMILY = "1,2";
				TEST_TARGET_NAME = Practice;
			};
			name = Debug;
		};
		B808113222923F450099DA3D /* Release */ = {
			isa = XCBuildConfiguration;
			buildSettings = {
				ALWAYS_EMBED_SWIFT_STANDARD_LIBRARIES = YES;
				CODE_SIGN_STYLE = Automatic;
				DEVELOPMENT_TEAM = MUXR6G7733;
				INFOPLIST_FILE = PracticeUITests/Info.plist;
				LD_RUNPATH_SEARCH_PATHS = (
					"$(inherited)",
					"@executable_path/Frameworks",
					"@loader_path/Frameworks",
				);
				PRODUCT_BUNDLE_IDENTIFIER = com.skybrim.PracticeUITests;
				PRODUCT_NAME = "$(TARGET_NAME)";
				SWIFT_VERSION = 5.0;
				TARGETED_DEVICE_FAMILY = "1,2";
				TEST_TARGET_NAME = Practice;
			};
			name = Release;
		};
/* End XCBuildConfiguration section */

/* Begin XCConfigurationList section */
		B80810FA22923F430099DA3D /* Build configuration list for PBXProject "Practice" */ = {
			isa = XCConfigurationList;
			buildConfigurations = (
				B808112822923F450099DA3D /* Debug */,
				B808112922923F450099DA3D /* Release */,
			);
			defaultConfigurationIsVisible = 0;
			defaultConfigurationName = Release;
		};
		B808112A22923F450099DA3D /* Build configuration list for PBXNativeTarget "Practice" */ = {
			isa = XCConfigurationList;
			buildConfigurations = (
				B808112B22923F450099DA3D /* Debug */,
				B808112C22923F450099DA3D /* Release */,
			);
			defaultConfigurationIsVisible = 0;
			defaultConfigurationName = Release;
		};
		B808112D22923F450099DA3D /* Build configuration list for PBXNativeTarget "PracticeTests" */ = {
			isa = XCConfigurationList;
			buildConfigurations = (
				B808112E22923F450099DA3D /* Debug */,
				B808112F22923F450099DA3D /* Release */,
			);
			defaultConfigurationIsVisible = 0;
			defaultConfigurationName = Release;
		};
		B808113022923F450099DA3D /* Build configuration list for PBXNativeTarget "PracticeUITests" */ = {
			isa = XCConfigurationList;
			buildConfigurations = (
				B808113122923F450099DA3D /* Debug */,
				B808113222923F450099DA3D /* Release */,
			);
			defaultConfigurationIsVisible = 0;
			defaultConfigurationName = Release;
		};
/* End XCConfigurationList section */

/* Begin XCVersionGroup section */
		B808110922923F430099DA3D /* Practice.xcdatamodeld */ = {
			isa = XCVersionGroup;
			children = (
				B808110A22923F430099DA3D /* Practice.xcdatamodel */,
			);
			currentVersion = B808110A22923F430099DA3D /* Practice.xcdatamodel */;
			path = Practice.xcdatamodeld;
			sourceTree = "<group>";
			versionGroupType = wrapper.xcdatamodel;
		};
/* End XCVersionGroup section */
	};
	rootObject = B80810F722923F430099DA3D /* Project object */;
}
