// !$*UTF8*$!
{
	archiveVersion = 1;
	classes = {
	};
	objectVersion = 50;
	objects = {

/* Begin PBXBuildFile section */
		B84AD6E722B8E21300012FDA /* TextFieldCollectionViewCell.swift in Sources */ = {isa = PBXBuildFile; fileRef = B84AD6E622B8E21300012FDA /* TextFieldCollectionViewCell.swift */; };
		B8B850EE22B524470018B2D1 /* AppDelegate.swift in Sources */ = {isa = PBXBuildFile; fileRef = B8B850ED22B524470018B2D1 /* AppDelegate.swift */; };
		B8B850F322B524470018B2D1 /* Main.storyboard in Resources */ = {isa = PBXBuildFile; fileRef = B8B850F122B524470018B2D1 /* Main.storyboard */; };
		B8B850F522B524480018B2D1 /* Assets.xcassets in Resources */ = {isa = PBXBuildFile; fileRef = B8B850F422B524480018B2D1 /* Assets.xcassets */; };
		B8B850F822B524480018B2D1 /* LaunchScreen.storyboard in Resources */ = {isa = PBXBuildFile; fileRef = B8B850F622B524480018B2D1 /* LaunchScreen.storyboard */; };
		B8B8510022B526360018B2D1 /* EmojiArtViewController.swift in Sources */ = {isa = PBXBuildFile; fileRef = B8B850FF22B526360018B2D1 /* EmojiArtViewController.swift */; };
		B8B8510222B52A5B0018B2D1 /* EmojiArtView.swift in Sources */ = {isa = PBXBuildFile; fileRef = B8B8510122B52A5B0018B2D1 /* EmojiArtView.swift */; };
		B8B8510622B52B240018B2D1 /* EmojiArtDocumentTableViewController.swift in Sources */ = {isa = PBXBuildFile; fileRef = B8B8510522B52B240018B2D1 /* EmojiArtDocumentTableViewController.swift */; };
		B8B8510822B52FFB0018B2D1 /* Utilities.swift in Sources */ = {isa = PBXBuildFile; fileRef = B8B8510722B52FFB0018B2D1 /* Utilities.swift */; };
		B8B8510A22B64DAE0018B2D1 /* EmojiCollectionViewCell.swift in Sources */ = {isa = PBXBuildFile; fileRef = B8B8510922B64DAE0018B2D1 /* EmojiCollectionViewCell.swift */; };
		B8B8510C22B7F0EE0018B2D1 /* EmojiArtView+Gestures.swift in Sources */ = {isa = PBXBuildFile; fileRef = B8B8510B22B7F0EE0018B2D1 /* EmojiArtView+Gestures.swift */; };
		B8E425DA22BB6E72008600D9 /* EmojiArt.swift in Sources */ = {isa = PBXBuildFile; fileRef = B8E425D922BB6E72008600D9 /* EmojiArt.swift */; };
/* End PBXBuildFile section */

/* Begin PBXFileReference section */
		B84AD6E622B8E21300012FDA /* TextFieldCollectionViewCell.swift */ = {isa = PBXFileReference; lastKnownFileType = sourcecode.swift; path = TextFieldCollectionViewCell.swift; sourceTree = "<group>"; };
		B8B850EA22B524470018B2D1 /* EmojiArt.app */ = {isa = PBXFileReference; explicitFileType = wrapper.application; includeInIndex = 0; path = EmojiArt.app; sourceTree = BUILT_PRODUCTS_DIR; };
		B8B850ED22B524470018B2D1 /* AppDelegate.swift */ = {isa = PBXFileReference; lastKnownFileType = sourcecode.swift; path = AppDelegate.swift; sourceTree = "<group>"; };
		B8B850F222B524470018B2D1 /* Base */ = {isa = PBXFileReference; lastKnownFileType = file.storyboard; name = Base; path = Base.lproj/Main.storyboard; sourceTree = "<group>"; };
		B8B850F422B524480018B2D1 /* Assets.xcassets */ = {isa = PBXFileReference; lastKnownFileType = folder.assetcatalog; path = Assets.xcassets; sourceTree = "<group>"; };
		B8B850F722B524480018B2D1 /* Base */ = {isa = PBXFileReference; lastKnownFileType = file.storyboard; name = Base; path = Base.lproj/LaunchScreen.storyboard; sourceTree = "<group>"; };
		B8B850F922B524480018B2D1 /* Info.plist */ = {isa = PBXFileReference; lastKnownFileType = text.plist.xml; path = Info.plist; sourceTree = "<group>"; };
		B8B850FF22B526360018B2D1 /* EmojiArtViewController.swift */ = {isa = PBXFileReference; lastKnownFileType = sourcecode.swift; path = EmojiArtViewController.swift; sourceTree = "<group>"; };
		B8B8510122B52A5B0018B2D1 /* EmojiArtView.swift */ = {isa = PBXFileReference; lastKnownFileType = sourcecode.swift; path = EmojiArtView.swift; sourceTree = "<group>"; };
		B8B8510522B52B240018B2D1 /* EmojiArtDocumentTableViewController.swift */ = {isa = PBXFileReference; lastKnownFileType = sourcecode.swift; path = EmojiArtDocumentTableViewController.swift; sourceTree = "<group>"; };
		B8B8510722B52FFB0018B2D1 /* Utilities.swift */ = {isa = PBXFileReference; fileEncoding = 4; lastKnownFileType = sourcecode.swift; path = Utilities.swift; sourceTree = "<group>"; };
		B8B8510922B64DAE0018B2D1 /* EmojiCollectionViewCell.swift */ = {isa = PBXFileReference; lastKnownFileType = sourcecode.swift; path = EmojiCollectionViewCell.swift; sourceTree = "<group>"; };
		B8B8510B22B7F0EE0018B2D1 /* EmojiArtView+Gestures.swift */ = {isa = PBXFileReference; fileEncoding = 4; lastKnownFileType = sourcecode.swift; path = "EmojiArtView+Gestures.swift"; sourceTree = "<group>"; };
		B8E425D922BB6E72008600D9 /* EmojiArt.swift */ = {isa = PBXFileReference; lastKnownFileType = sourcecode.swift; path = EmojiArt.swift; sourceTree = "<group>"; };
/* End PBXFileReference section */

/* Begin PBXFrameworksBuildPhase section */
		B8B850E722B524470018B2D1 /* Frameworks */ = {
			isa = PBXFrameworksBuildPhase;
			buildActionMask = 2147483647;
			files = (
			);
			runOnlyForDeploymentPostprocessing = 0;
		};
/* End PBXFrameworksBuildPhase section */

/* Begin PBXGroup section */
		B8B850E122B524470018B2D1 = {
			isa = PBXGroup;
			children = (
				B8B850EC22B524470018B2D1 /* EmojiArt */,
				B8B850EB22B524470018B2D1 /* Products */,
			);
			sourceTree = "<group>";
		};
		B8B850EB22B524470018B2D1 /* Products */ = {
			isa = PBXGroup;
			children = (
				B8B850EA22B524470018B2D1 /* EmojiArt.app */,
			);
			name = Products;
			sourceTree = "<group>";
		};
		B8B850EC22B524470018B2D1 /* EmojiArt */ = {
			isa = PBXGroup;
			children = (
				B8B850ED22B524470018B2D1 /* AppDelegate.swift */,
				B8B8510B22B7F0EE0018B2D1 /* EmojiArtView+Gestures.swift */,
				B8B8510522B52B240018B2D1 /* EmojiArtDocumentTableViewController.swift */,
				B8B850FF22B526360018B2D1 /* EmojiArtViewController.swift */,
				B8B8510122B52A5B0018B2D1 /* EmojiArtView.swift */,
				B8E425D922BB6E72008600D9 /* EmojiArt.swift */,
				B8B8510922B64DAE0018B2D1 /* EmojiCollectionViewCell.swift */,
				B84AD6E622B8E21300012FDA /* TextFieldCollectionViewCell.swift */,
				B8B850F122B524470018B2D1 /* Main.storyboard */,
				B8B850F422B524480018B2D1 /* Assets.xcassets */,
				B8B850F622B524480018B2D1 /* LaunchScreen.storyboard */,
				B8B850F922B524480018B2D1 /* Info.plist */,
				B8B8510722B52FFB0018B2D1 /* Utilities.swift */,
			);
			path = EmojiArt;
			sourceTree = "<group>";
		};
/* End PBXGroup section */

/* Begin PBXNativeTarget section */
		B8B850E922B524470018B2D1 /* EmojiArt */ = {
			isa = PBXNativeTarget;
			buildConfigurationList = B8B850FC22B524480018B2D1 /* Build configuration list for PBXNativeTarget "EmojiArt" */;
			buildPhases = (
				B8B850E622B524470018B2D1 /* Sources */,
				B8B850E722B524470018B2D1 /* Frameworks */,
				B8B850E822B524470018B2D1 /* Resources */,
			);
			buildRules = (
			);
			dependencies = (
			);
			name = EmojiArt;
			productName = EmojiArt;
			productReference = B8B850EA22B524470018B2D1 /* EmojiArt.app */;
			productType = "com.apple.product-type.application";
		};
/* End PBXNativeTarget section */

/* Begin PBXProject section */
		B8B850E222B524470018B2D1 /* Project object */ = {
			isa = PBXProject;
			attributes = {
				LastSwiftUpdateCheck = 1020;
				LastUpgradeCheck = 1020;
				ORGANIZATIONNAME = wiley;
				TargetAttributes = {
					B8B850E922B524470018B2D1 = {
						CreatedOnToolsVersion = 10.2.1;
					};
				};
			};
			buildConfigurationList = B8B850E522B524470018B2D1 /* Build configuration list for PBXProject "EmojiArt" */;
			compatibilityVersion = "Xcode 9.3";
			developmentRegion = en;
			hasScannedForEncodings = 0;
			knownRegions = (
				en,
				Base,
			);
			mainGroup = B8B850E122B524470018B2D1;
			productRefGroup = B8B850EB22B524470018B2D1 /* Products */;
			projectDirPath = "";
			projectRoot = "";
			targets = (
				B8B850E922B524470018B2D1 /* EmojiArt */,
			);
		};
/* End PBXProject section */

/* Begin PBXResourcesBuildPhase section */
		B8B850E822B524470018B2D1 /* Resources */ = {
			isa = PBXResourcesBuildPhase;
			buildActionMask = 2147483647;
			files = (
				B8B850F822B524480018B2D1 /* LaunchScreen.storyboard in Resources */,
				B8B850F522B524480018B2D1 /* Assets.xcassets in Resources */,
				B8B850F322B524470018B2D1 /* Main.storyboard in Resources */,
			);
			runOnlyForDeploymentPostprocessing = 0;
		};
/* End PBXResourcesBuildPhase section */

/* Begin PBXSourcesBuildPhase section */
		B8B850E622B524470018B2D1 /* Sources */ = {
			isa = PBXSourcesBuildPhase;
			buildActionMask = 2147483647;
			files = (
				B8E425DA22BB6E72008600D9 /* EmojiArt.swift in Sources */,
				B8B850EE22B524470018B2D1 /* AppDelegate.swift in Sources */,
				B8B8510C22B7F0EE0018B2D1 /* EmojiArtView+Gestures.swift in Sources */,
				B8B8510A22B64DAE0018B2D1 /* EmojiCollectionViewCell.swift in Sources */,
				B8B8510622B52B240018B2D1 /* EmojiArtDocumentTableViewController.swift in Sources */,
				B84AD6E722B8E21300012FDA /* TextFieldCollectionViewCell.swift in Sources */,
				B8B8510022B526360018B2D1 /* EmojiArtViewController.swift in Sources */,
				B8B8510822B52FFB0018B2D1 /* Utilities.swift in Sources */,
				B8B8510222B52A5B0018B2D1 /* EmojiArtView.swift in Sources */,
			);
			runOnlyForDeploymentPostprocessing = 0;
		};
/* End PBXSourcesBuildPhase section */

/* Begin PBXVariantGroup section */
		B8B850F122B524470018B2D1 /* Main.storyboard */ = {
			isa = PBXVariantGroup;
			children = (
				B8B850F222B524470018B2D1 /* Base */,
			);
			name = Main.storyboard;
			sourceTree = "<group>";
		};
		B8B850F622B524480018B2D1 /* LaunchScreen.storyboard */ = {
			isa = PBXVariantGroup;
			children = (
				B8B850F722B524480018B2D1 /* Base */,
			);
			name = LaunchScreen.storyboard;
			sourceTree = "<group>";
		};
/* End PBXVariantGroup section */

/* Begin XCBuildConfiguration section */
		B8B850FA22B524480018B2D1 /* Debug */ = {
			isa = XCBuildConfiguration;
			buildSettings = {
				ALWAYS_SEARCH_USER_PATHS = NO;
				CLANG_ANALYZER_NONNULL = YES;
				CLANG_ANALYZER_NUMBER_OBJECT_CONVERSION = YES_AGGRESSIVE;
				CLANG_CXX_LANGUAGE_STANDARD = "gnu++14";
				CLANG_CXX_LIBRARY = "libc++";
				CLANG_ENABLE_MODULES = YES;
				CLANG_ENABLE_OBJC_ARC = YES;
				CLANG_ENABLE_OBJC_WEAK = YES;
				CLANG_WARN_BLOCK_CAPTURE_AUTORELEASING = YES;
				CLANG_WARN_BOOL_CONVERSION = YES;
				CLANG_WARN_COMMA = YES;
				CLANG_WARN_CONSTANT_CONVERSION = YES;
				CLANG_WARN_DEPRECATED_OBJC_IMPLEMENTATIONS = YES;
				CLANG_WARN_DIRECT_OBJC_ISA_USAGE = YES_ERROR;
				CLANG_WARN_DOCUMENTATION_COMMENTS = YES;
				CLANG_WARN_EMPTY_BODY = YES;
				CLANG_WARN_ENUM_CONVERSION = YES;
				CLANG_WARN_INFINITE_RECURSION = YES;
				CLANG_WARN_INT_CONVERSION = YES;
				CLANG_WARN_NON_LITERAL_NULL_CONVERSION = YES;
				CLANG_WARN_OBJC_IMPLICIT_RETAIN_SELF = YES;
				CLANG_WARN_OBJC_LITERAL_CONVERSION = YES;
				CLANG_WARN_OBJC_ROOT_CLASS = YES_ERROR;
				CLANG_WARN_RANGE_LOOP_ANALYSIS = YES;
				CLANG_WARN_STRICT_PROTOTYPES = YES;
				CLANG_WARN_SUSPICIOUS_MOVE = YES;
				CLANG_WARN_UNGUARDED_AVAILABILITY = YES_AGGRESSIVE;
				CLANG_WARN_UNREACHABLE_CODE = YES;
				CLANG_WARN__DUPLICATE_METHOD_MATCH = YES;
				CODE_SIGN_IDENTITY = "iPhone Developer";
				COPY_PHASE_STRIP = NO;
				DEBUG_INFORMATION_FORMAT = dwarf;
				ENABLE_STRICT_OBJC_MSGSEND = YES;
				ENABLE_TESTABILITY = YES;
				GCC_C_LANGUAGE_STANDARD = gnu11;
				GCC_DYNAMIC_NO_PIC = NO;
				GCC_NO_COMMON_BLOCKS = YES;
				GCC_OPTIMIZATION_LEVEL = 0;
				GCC_PREPROCESSOR_DEFINITIONS = (
					"DEBUG=1",
					"$(inherited)",
				);
				GCC_WARN_64_TO_32_BIT_CONVERSION = YES;
				GCC_WARN_ABOUT_RETURN_TYPE = YES_ERROR;
				GCC_WARN_UNDECLARED_SELECTOR = YES;
				GCC_WARN_UNINITIALIZED_AUTOS = YES_AGGRESSIVE;
				GCC_WARN_UNUSED_FUNCTION = YES;
				GCC_WARN_UNUSED_VARIABLE = YES;
				IPHONEOS_DEPLOYMENT_TARGET = 12.2;
				MTL_ENABLE_DEBUG_INFO = INCLUDE_SOURCE;
				MTL_FAST_MATH = YES;
				ONLY_ACTIVE_ARCH = YES;
				SDKROOT = iphoneos;
				SWIFT_ACTIVE_COMPILATION_CONDITIONS = DEBUG;
				SWIFT_OPTIMIZATION_LEVEL = "-Onone";
			};
			name = Debug;
		};
		B8B850FB22B524480018B2D1 /* Release */ = {
			isa = XCBuildConfiguration;
			buildSettings = {
				ALWAYS_SEARCH_USER_PATHS = NO;
				CLANG_ANALYZER_NONNULL = YES;
				CLANG_ANALYZER_NUMBER_OBJECT_CONVERSION = YES_AGGRESSIVE;
				CLANG_CXX_LANGUAGE_STANDARD = "gnu++14";
				CLANG_CXX_LIBRARY = "libc++";
				CLANG_ENABLE_MODULES = YES;
				CLANG_ENABLE_OBJC_ARC = YES;
				CLANG_ENABLE_OBJC_WEAK = YES;
				CLANG_WARN_BLOCK_CAPTURE_AUTORELEASING = YES;
				CLANG_WARN_BOOL_CONVERSION = YES;
				CLANG_WARN_COMMA = YES;
				CLANG_WARN_CONSTANT_CONVERSION = YES;
				CLANG_WARN_DEPRECATED_OBJC_IMPLEMENTATIONS = YES;
				CLANG_WARN_DIRECT_OBJC_ISA_USAGE = YES_ERROR;
				CLANG_WARN_DOCUMENTATION_COMMENTS = YES;
				CLANG_WARN_EMPTY_BODY = YES;
				CLANG_WARN_ENUM_CONVERSION = YES;
				CLANG_WARN_INFINITE_RECURSION = YES;
				CLANG_WARN_INT_CONVERSION = YES;
				CLANG_WARN_NON_LITERAL_NULL_CONVERSION = YES;
				CLANG_WARN_OBJC_IMPLICIT_RETAIN_SELF = YES;
				CLANG_WARN_OBJC_LITERAL_CONVERSION = YES;
				CLANG_WARN_OBJC_ROOT_CLASS = YES_ERROR;
				CLANG_WARN_RANGE_LOOP_ANALYSIS = YES;
				CLANG_WARN_STRICT_PROTOTYPES = YES;
				CLANG_WARN_SUSPICIOUS_MOVE = YES;
				CLANG_WARN_UNGUARDED_AVAILABILITY = YES_AGGRESSIVE;
				CLANG_WARN_UNREACHABLE_CODE = YES;
				CLANG_WARN__DUPLICATE_METHOD_MATCH = YES;
				CODE_SIGN_IDENTITY = "iPhone Developer";
				COPY_PHASE_STRIP = NO;
				DEBUG_INFORMATION_FORMAT = "dwarf-with-dsym";
				ENABLE_NS_ASSERTIONS = NO;
				ENABLE_STRICT_OBJC_MSGSEND = YES;
				GCC_C_LANGUAGE_STANDARD = gnu11;
				GCC_NO_COMMON_BLOCKS = YES;
				GCC_WARN_64_TO_32_BIT_CONVERSION = YES;
				GCC_WARN_ABOUT_RETURN_TYPE = YES_ERROR;
				GCC_WARN_UNDECLARED_SELECTOR = YES;
				GCC_WARN_UNINITIALIZED_AUTOS = YES_AGGRESSIVE;
				GCC_WARN_UNUSED_FUNCTION = YES;
				GCC_WARN_UNUSED_VARIABLE = YES;
				IPHONEOS_DEPLOYMENT_TARGET = 12.2;
				MTL_ENABLE_DEBUG_INFO = NO;
				MTL_FAST_MATH = YES;
				SDKROOT = iphoneos;
				SWIFT_COMPILATION_MODE = wholemodule;
				SWIFT_OPTIMIZATION_LEVEL = "-O";
				VALIDATE_PRODUCT = YES;
			};
			name = Release;
		};
		B8B850FD22B524480018B2D1 /* Debug */ = {
			isa = XCBuildConfiguration;
			buildSettings = {
				ASSETCATALOG_COMPILER_APPICON_NAME = AppIcon;
				CODE_SIGN_STYLE = Automatic;
				DEVELOPMENT_TEAM = MUXR6G7733;
				INFOPLIST_FILE = EmojiArt/Info.plist;
				LD_RUNPATH_SEARCH_PATHS = (
					"$(inherited)",
					"@executable_path/Frameworks",
				);
				PRODUCT_BUNDLE_IDENTIFIER = com.skybrim.EmojiArt;
				PRODUCT_NAME = "$(TARGET_NAME)";
				SWIFT_VERSION = 5.0;
				TARGETED_DEVICE_FAMILY = "1,2";
			};
			name = Debug;
		};
		B8B850FE22B524480018B2D1 /* Release */ = {
			isa = XCBuildConfiguration;
			buildSettings = {
				ASSETCATALOG_COMPILER_APPICON_NAME = AppIcon;
				CODE_SIGN_STYLE = Automatic;
				DEVELOPMENT_TEAM = MUXR6G7733;
				INFOPLIST_FILE = EmojiArt/Info.plist;
				LD_RUNPATH_SEARCH_PATHS = (
					"$(inherited)",
					"@executable_path/Frameworks",
				);
				PRODUCT_BUNDLE_IDENTIFIER = com.skybrim.EmojiArt;
				PRODUCT_NAME = "$(TARGET_NAME)";
				SWIFT_VERSION = 5.0;
				TARGETED_DEVICE_FAMILY = "1,2";
			};
			name = Release;
		};
/* End XCBuildConfiguration section */

/* Begin XCConfigurationList section */
		B8B850E522B524470018B2D1 /* Build configuration list for PBXProject "EmojiArt" */ = {
			isa = XCConfigurationList;
			buildConfigurations = (
				B8B850FA22B524480018B2D1 /* Debug */,
				B8B850FB22B524480018B2D1 /* Release */,
			);
			defaultConfigurationIsVisible = 0;
			defaultConfigurationName = Release;
		};
		B8B850FC22B524480018B2D1 /* Build configuration list for PBXNativeTarget "EmojiArt" */ = {
			isa = XCConfigurationList;
			buildConfigurations = (
				B8B850FD22B524480018B2D1 /* Debug */,
				B8B850FE22B524480018B2D1 /* Release */,
			);
			defaultConfigurationIsVisible = 0;
			defaultConfigurationName = Release;
		};
/* End XCConfigurationList section */
	};
	rootObject = B8B850E222B524470018B2D1 /* Project object */;
}
